
Microsoft Visual Studio Solution File, Format Version 12.00
# Visual Studio Version 16
VisualStudioVersion = 16.0.30804.86
MinimumVisualStudioVersion = 10.0.40219.1
Project("{FAE04EC0-301F-11D3-BF4B-00C04F79EFBC}") = "01.ActivationKeys", "01.ActivationKeys\01.ActivationKeys.csproj", "{52F80CE7-F8B2-4EC9-8699-FAF68EA37623}"
EndProject
Project("{FAE04EC0-301F-11D3-BF4B-00C04F79EFBC}") = "02.EmojiDetector", "02.EmojiDetector\02.EmojiDetector.csproj", "{45BD902F-15BC-41CA-81CF-035E702E903A}"
EndProject
Project("{FAE04EC0-301F-11D3-BF4B-00C04F79EFBC}") = "03.P!rates", "03.P!rates\03.P!rates.csproj", "{985E7BD3-FEFC-4D62-9FC1-80CF89F47DD1}"
EndProject
Global
	GlobalSection(SolutionConfigurationPlatforms) = preSolution
		Debug|Any CPU = Debug|Any CPU
		Release|Any CPU = Release|Any CPU
	EndGlobalSection
	GlobalSection(ProjectConfigurationPlatforms) = postSolution
		{52F80CE7-F8B2-4EC9-8699-FAF68EA37623}.Debug|Any CPU.ActiveCfg = Debug|Any CPU
		{52F80CE7-F8B2-4EC9-8699-FAF68EA37623}.Debug|Any CPU.Build.0 = Debug|Any CPU
		{52F80CE7-F8B2-4EC9-8699-FAF68EA37623}.Release|Any CPU.ActiveCfg = Release|Any CPU
		{52F80CE7-F8B2-4EC9-8699-FAF68EA37623}.Release|Any CPU.Build.0 = Release|Any CPU
		{45BD902F-15BC-41CA-81CF-035E702E903A}.Debug|Any CPU.ActiveCfg = Debug|Any CPU
		{45BD902F-15BC-41CA-81CF-035E702E903A}.Debug|Any CPU.Build.0 = Debug|Any CPU
		{45BD902F-15BC-41CA-81CF-035E702E903A}.Release|Any CPU.ActiveCfg = Release|Any CPU
		{45BD902F-15BC-41CA-81CF-035E702E903A}.Release|Any CPU.Build.0 = Release|Any CPU
		{985E7BD3-FEFC-4D62-9FC1-80CF89F47DD1}.Debug|Any CPU.ActiveCfg = Debug|Any CPU
		{985E7BD3-FEFC-4D62-9FC1-80CF89F47DD1}.Debug|Any CPU.Build.0 = Debug|Any CPU
		{985E7BD3-FEFC-4D62-9FC1-80CF89F47DD1}.Release|Any CPU.ActiveCfg = Release|Any CPU
		{985E7BD3-FEFC-4D62-9FC1-80CF89F47DD1}.Release|Any CPU.Build.0 = Release|Any CPU
	EndGlobalSection
	GlobalSection(SolutionProperties) = preSolution
		HideSolutionNode = FALSE
	EndGlobalSection
	GlobalSection(ExtensibilityGlobals) = postSolution
		SolutionGuid = {65BB2036-8DE2-473F-89FB-93FFBF0D9449}
	EndGlobalSection
EndGlobal
